speakeasyVersion: 1.292.0
sources:
    docs-source:
        sourceNamespace: docs-source
        sourceRevisionDigest: sha256:4ccacb386f5e65d4d56f2c94c50c0cbc940313091a10258f9cc4f292a46cc542
        sourceBlobDigest: sha256:ea9420bfd7e09d3cc8c43721404f98fc9a332ba46d2597bdfad07474e5136e0a
        tags:
            - latest
targets: {}
workflow:
    workflowVersion: 1.0.0
    speakeasyVersion: latest
    sources:
        docs-source:
            inputs:
                - location: https://api.unstructured.io/general/openapi.json
            overlays:
                - location: https://raw.githubusercontent.com/Unstructured-IO/unstructured-python-client/main/codeSamples.yaml
                - location: https://raw.githubusercontent.com/Unstructured-IO/unstructured-js-client/main/codeSamples.yaml
            output: openapi_with_sdk_codeSamples.yaml
            registry:
                location: registry.speakeasyapi.dev/unstructured/unstructurede4s/docs-source
    targets: {}
